
Microsoft Visual Studio Solution File, Format Version 12.00
# Visual Studio 2012
Project("{FAE04EC0-301F-11D3-BF4B-00C04F79EFBC}") = "Hackery", "Hackery\Hackery.csproj", "{923582E1-D6BF-4543-9FC0-89A9319698DD}"
EndProject
Project("{2150E333-8FDC-42A3-9474-1A3956D46DE8}") = "Solution Items", "Solution Items", "{BB58C2AE-827E-4F01-A7E3-2CDAFD99A98B}"
	ProjectSection(SolutionItems) = preProject
		Rebracer.xml = Rebracer.xml
	EndProjectSection
EndProject
Global
	GlobalSection(SolutionConfigurationPlatforms) = preSolution
		Debug|Any CPU = Debug|Any CPU
		Release|Any CPU = Release|Any CPU
	EndGlobalSection
	GlobalSection(ProjectConfigurationPlatforms) = postSolution
		{923582E1-D6BF-4543-9FC0-89A9319698DD}.Debug|Any CPU.ActiveCfg = Debug|Any CPU
		{923582E1-D6BF-4543-9FC0-89A9319698DD}.Debug|Any CPU.Build.0 = Debug|Any CPU
		{923582E1-D6BF-4543-9FC0-89A9319698DD}.Release|Any CPU.ActiveCfg = Release|Any CPU
		{923582E1-D6BF-4543-9FC0-89A9319698DD}.Release|Any CPU.Build.0 = Release|Any CPU
	EndGlobalSection
	GlobalSection(SolutionProperties) = preSolution
		HideSolutionNode = FALSE
	EndGlobalSection
EndGlobal
